// !$*UTF8*$!
{
	archiveVersion = 1;
	classes = {
	};
	objectVersion = 56;
	objects = {

/* Begin PBXBuildFile section */
		7FBA7F452B3DBD4E006D4229 /* apple_frameworksApp.swift in Sources */ = {isa = PBXBuildFile; fileRef = 7FBA7F442B3DBD4E006D4229 /* apple_frameworksApp.swift */; };
		7FBA7F492B3DBD4F006D4229 /* Assets.xcassets in Resources */ = {isa = PBXBuildFile; fileRef = 7FBA7F482B3DBD4F006D4229 /* Assets.xcassets */; };
		7FBA7F4C2B3DBD4F006D4229 /* Preview Assets.xcassets in Resources */ = {isa = PBXBuildFile; fileRef = 7FBA7F4B2B3DBD4F006D4229 /* Preview Assets.xcassets */; };
		7FBA7F532B3DBD7D006D4229 /* Framework.swift in Sources */ = {isa = PBXBuildFile; fileRef = 7FBA7F522B3DBD7D006D4229 /* Framework.swift */; };
		7FBA7F552B3DC17E006D4229 /* FrameworkGridView.swift in Sources */ = {isa = PBXBuildFile; fileRef = 7FBA7F542B3DC17E006D4229 /* FrameworkGridView.swift */; };
		7FBA7F572B3DCB00006D4229 /* FrameworkDetailView.swift in Sources */ = {isa = PBXBuildFile; fileRef = 7FBA7F562B3DCB00006D4229 /* FrameworkDetailView.swift */; };
		7FBA7F5B2B3FFE3B006D4229 /* AFButton.swift in Sources */ = {isa = PBXBuildFile; fileRef = 7FBA7F5A2B3FFE3B006D4229 /* AFButton.swift */; };
		7FBA7F5D2B4000CB006D4229 /* FrameworkGridViewModel.swift in Sources */ = {isa = PBXBuildFile; fileRef = 7FBA7F5C2B4000CB006D4229 /* FrameworkGridViewModel.swift */; };
		7FBA7F5F2B4007C9006D4229 /* SafariView.swift in Sources */ = {isa = PBXBuildFile; fileRef = 7FBA7F5E2B4007C9006D4229 /* SafariView.swift */; };
/* End PBXBuildFile section */

/* Begin PBXFileReference section */
		7FBA7F412B3DBD4E006D4229 /* apple-frameworks.app */ = {isa = PBXFileReference; explicitFileType = wrapper.application; includeInIndex = 0; path = "apple-frameworks.app"; sourceTree = BUILT_PRODUCTS_DIR; };
		7FBA7F442B3DBD4E006D4229 /* apple_frameworksApp.swift */ = {isa = PBXFileReference; lastKnownFileType = sourcecode.swift; path = apple_frameworksApp.swift; sourceTree = "<group>"; };
		7FBA7F482B3DBD4F006D4229 /* Assets.xcassets */ = {isa = PBXFileReference; lastKnownFileType = folder.assetcatalog; path = Assets.xcassets; sourceTree = "<group>"; };
		7FBA7F4B2B3DBD4F006D4229 /* Preview Assets.xcassets */ = {isa = PBXFileReference; lastKnownFileType = folder.assetcatalog; path = "Preview Assets.xcassets"; sourceTree = "<group>"; };
		7FBA7F522B3DBD7D006D4229 /* Framework.swift */ = {isa = PBXFileReference; lastKnownFileType = sourcecode.swift; path = Framework.swift; sourceTree = "<group>"; };
		7FBA7F542B3DC17E006D4229 /* FrameworkGridView.swift */ = {isa = PBXFileReference; lastKnownFileType = sourcecode.swift; path = FrameworkGridView.swift; sourceTree = "<group>"; };
		7FBA7F562B3DCB00006D4229 /* FrameworkDetailView.swift */ = {isa = PBXFileReference; lastKnownFileType = sourcecode.swift; path = FrameworkDetailView.swift; sourceTree = "<group>"; };
		7FBA7F5A2B3FFE3B006D4229 /* AFButton.swift */ = {isa = PBXFileReference; lastKnownFileType = sourcecode.swift; path = AFButton.swift; sourceTree = "<group>"; };
		7FBA7F5C2B4000CB006D4229 /* FrameworkGridViewModel.swift */ = {isa = PBXFileReference; lastKnownFileType = sourcecode.swift; path = FrameworkGridViewModel.swift; sourceTree = "<group>"; };
		7FBA7F5E2B4007C9006D4229 /* SafariView.swift */ = {isa = PBXFileReference; lastKnownFileType = sourcecode.swift; path = SafariView.swift; sourceTree = "<group>"; };
/* End PBXFileReference section */

/* Begin PBXFrameworksBuildPhase section */
		7FBA7F3E2B3DBD4E006D4229 /* Frameworks */ = {
			isa = PBXFrameworksBuildPhase;
			buildActionMask = 2147483647;
			files = (
			);
			runOnlyForDeploymentPostprocessing = 0;
		};
/* End PBXFrameworksBuildPhase section */

/* Begin PBXGroup section */
		7FBA7F382B3DBD4E006D4229 = {
			isa = PBXGroup;
			children = (
				7FBA7F432B3DBD4E006D4229 /* apple-frameworks */,
				7FBA7F422B3DBD4E006D4229 /* Products */,
			);
			sourceTree = "<group>";
		};
		7FBA7F422B3DBD4E006D4229 /* Products */ = {
			isa = PBXGroup;
			children = (
				7FBA7F412B3DBD4E006D4229 /* apple-frameworks.app */,
			);
			name = Products;
			sourceTree = "<group>";
		};
		7FBA7F432B3DBD4E006D4229 /* apple-frameworks */ = {
			isa = PBXGroup;
			children = (
				7FBA7F442B3DBD4E006D4229 /* apple_frameworksApp.swift */,
				7FBA7F5C2B4000CB006D4229 /* FrameworkGridViewModel.swift */,
				7FBA7F542B3DC17E006D4229 /* FrameworkGridView.swift */,
				7FBA7F522B3DBD7D006D4229 /* Framework.swift */,
				7FBA7F562B3DCB00006D4229 /* FrameworkDetailView.swift */,
				7FBA7F5A2B3FFE3B006D4229 /* AFButton.swift */,
				7FBA7F5E2B4007C9006D4229 /* SafariView.swift */,
				7FBA7F482B3DBD4F006D4229 /* Assets.xcassets */,
				7FBA7F4A2B3DBD4F006D4229 /* Preview Content */,
			);
			path = "apple-frameworks";
			sourceTree = "<group>";
		};
		7FBA7F4A2B3DBD4F006D4229 /* Preview Content */ = {
			isa = PBXGroup;
			children = (
				7FBA7F4B2B3DBD4F006D4229 /* Preview Assets.xcassets */,
			);
			path = "Preview Content";
			sourceTree = "<group>";
		};
/* End PBXGroup section */

/* Begin PBXNativeTarget section */
		7FBA7F402B3DBD4E006D4229 /* apple-frameworks */ = {
			isa = PBXNativeTarget;
			buildConfigurationList = 7FBA7F4F2B3DBD4F006D4229 /* Build configuration list for PBXNativeTarget "apple-frameworks" */;
			buildPhases = (
				7FBA7F3D2B3DBD4E006D4229 /* Sources */,
				7FBA7F3E2B3DBD4E006D4229 /* Frameworks */,
				7FBA7F3F2B3DBD4E006D4229 /* Resources */,
			);
			buildRules = (
			);
			dependencies = (
			);
			name = "apple-frameworks";
			productName = "apple-frameworks";
			productReference = 7FBA7F412B3DBD4E006D4229 /* apple-frameworks.app */;
			productType = "com.apple.product-type.application";
		};
/* End PBXNativeTarget section */

/* Begin PBXProject section */
		7FBA7F392B3DBD4E006D4229 /* Project object */ = {
			isa = PBXProject;
			attributes = {
				BuildIndependentTargetsInParallel = 1;
				LastSwiftUpdateCheck = 1510;
				LastUpgradeCheck = 1510;
				TargetAttributes = {
					7FBA7F402B3DBD4E006D4229 = {
						CreatedOnToolsVersion = 15.1;
					};
				};
			};
			buildConfigurationList = 7FBA7F3C2B3DBD4E006D4229 /* Build configuration list for PBXProject "apple-frameworks" */;
			compatibilityVersion = "Xcode 14.0";
			developmentRegion = en;
			hasScannedForEncodings = 0;
			knownRegions = (
				en,
				Base,
			);
			mainGroup = 7FBA7F382B3DBD4E006D4229;
			productRefGroup = 7FBA7F422B3DBD4E006D4229 /* Products */;
			projectDirPath = "";
			projectRoot = "";
			targets = (
				7FBA7F402B3DBD4E006D4229 /* apple-frameworks */,
			);
		};
/* End PBXProject section */

/* Begin PBXResourcesBuildPhase section */
		7FBA7F3F2B3DBD4E006D4229 /* Resources */ = {
			isa = PBXResourcesBuildPhase;
			buildActionMask = 2147483647;
			files = (
				7FBA7F4C2B3DBD4F006D4229 /* Preview Assets.xcassets in Resources */,
				7FBA7F492B3DBD4F006D4229 /* Assets.xcassets in Resources */,
			);
			runOnlyForDeploymentPostprocessing = 0;
		};
/* End PBXResourcesBuildPhase section */

/* Begin PBXSourcesBuildPhase section */
		7FBA7F3D2B3DBD4E006D4229 /* Sources */ = {
			isa = PBXSourcesBuildPhase;
			buildActionMask = 2147483647;
			files = (
				7FBA7F572B3DCB00006D4229 /* FrameworkDetailView.swift in Sources */,
				7FBA7F552B3DC17E006D4229 /* FrameworkGridView.swift in Sources */,
				7FBA7F532B3DBD7D006D4229 /* Framework.swift in Sources */,
				7FBA7F5B2B3FFE3B006D4229 /* AFButton.swift in Sources */,
				7FBA7F452B3DBD4E006D4229 /* apple_frameworksApp.swift in Sources */,
				7FBA7F5D2B4000CB006D4229 /* FrameworkGridViewModel.swift in Sources */,
				7FBA7F5F2B4007C9006D4229 /* SafariView.swift in Sources */,
			);
			runOnlyForDeploymentPostprocessing = 0;
		};
/* End PBXSourcesBuildPhase section */

/* Begin XCBuildConfiguration section */
		7FBA7F4D2B3DBD4F006D4229 /* Debug */ = {
			isa = XCBuildConfiguration;
			buildSettings = {
				ALWAYS_SEARCH_USER_PATHS = NO;
				ASSETCATALOG_COMPILER_GENERATE_SWIFT_ASSET_SYMBOL_EXTENSIONS = YES;
				CLANG_ANALYZER_NONNULL = YES;
				CLANG_ANALYZER_NUMBER_OBJECT_CONVERSION = YES_AGGRESSIVE;
				CLANG_CXX_LANGUAGE_STANDARD = "gnu++20";
				CLANG_ENABLE_MODULES = YES;
				CLANG_ENABLE_OBJC_ARC = YES;
				CLANG_ENABLE_OBJC_WEAK = YES;
				CLANG_WARN_BLOCK_CAPTURE_AUTORELEASING = YES;
				CLANG_WARN_BOOL_CONVERSION = YES;
				CLANG_WARN_COMMA = YES;
				CLANG_WARN_CONSTANT_CONVERSION = YES;
				CLANG_WARN_DEPRECATED_OBJC_IMPLEMENTATIONS = YES;
				CLANG_WARN_DIRECT_OBJC_ISA_USAGE = YES_ERROR;
				CLANG_WARN_DOCUMENTATION_COMMENTS = YES;
				CLANG_WARN_EMPTY_BODY = YES;
				CLANG_WARN_ENUM_CONVERSION = YES;
				CLANG_WARN_INFINITE_RECURSION = YES;
				CLANG_WARN_INT_CONVERSION = YES;
				CLANG_WARN_NON_LITERAL_NULL_CONVERSION = YES;
				CLANG_WARN_OBJC_IMPLICIT_RETAIN_SELF = YES;
				CLANG_WARN_OBJC_LITERAL_CONVERSION = YES;
				CLANG_WARN_OBJC_ROOT_CLASS = YES_ERROR;
				CLANG_WARN_QUOTED_INCLUDE_IN_FRAMEWORK_HEADER = YES;
				CLANG_WARN_RANGE_LOOP_ANALYSIS = YES;
				CLANG_WARN_STRICT_PROTOTYPES = YES;
				CLANG_WARN_SUSPICIOUS_MOVE = YES;
				CLANG_WARN_UNGUARDED_AVAILABILITY = YES_AGGRESSIVE;
				CLANG_WARN_UNREACHABLE_CODE = YES;
				CLANG_WARN__DUPLICATE_METHOD_MATCH = YES;
				COPY_PHASE_STRIP = NO;
				DEBUG_INFORMATION_FORMAT = dwarf;
				ENABLE_STRICT_OBJC_MSGSEND = YES;
				ENABLE_TESTABILITY = YES;
				ENABLE_USER_SCRIPT_SANDBOXING = YES;
				GCC_C_LANGUAGE_STANDARD = gnu17;
				GCC_DYNAMIC_NO_PIC = NO;
				GCC_NO_COMMON_BLOCKS = YES;
				GCC_OPTIMIZATION_LEVEL = 0;
				GCC_PREPROCESSOR_DEFINITIONS = (
					"DEBUG=1",
					"$(inherited)",
				);
				GCC_WARN_64_TO_32_BIT_CONVERSION = YES;
				GCC_WARN_ABOUT_RETURN_TYPE = YES_ERROR;
				GCC_WARN_UNDECLARED_SELECTOR = YES;
				GCC_WARN_UNINITIALIZED_AUTOS = YES_AGGRESSIVE;
				GCC_WARN_UNUSED_FUNCTION = YES;
				GCC_WARN_UNUSED_VARIABLE = YES;
				IPHONEOS_DEPLOYMENT_TARGET = 17.2;
				LOCALIZATION_PREFERS_STRING_CATALOGS = YES;
				MTL_ENABLE_DEBUG_INFO = INCLUDE_SOURCE;
				MTL_FAST_MATH = YES;
				ONLY_ACTIVE_ARCH = YES;
				SDKROOT = iphoneos;
				SWIFT_ACTIVE_COMPILATION_CONDITIONS = "DEBUG $(inherited)";
				SWIFT_OPTIMIZATION_LEVEL = "-Onone";
			};
			name = Debug;
		};
		7FBA7F4E2B3DBD4F006D4229 /* Release */ = {
			isa = XCBuildConfiguration;
			buildSettings = {
				ALWAYS_SEARCH_USER_PATHS = NO;
				ASSETCATALOG_COMPILER_GENERATE_SWIFT_ASSET_SYMBOL_EXTENSIONS = YES;
				CLANG_ANALYZER_NONNULL = YES;
				CLANG_ANALYZER_NUMBER_OBJECT_CONVERSION = YES_AGGRESSIVE;
				CLANG_CXX_LANGUAGE_STANDARD = "gnu++20";
				CLANG_ENABLE_MODULES = YES;
				CLANG_ENABLE_OBJC_ARC = YES;
				CLANG_ENABLE_OBJC_WEAK = YES;
				CLANG_WARN_BLOCK_CAPTURE_AUTORELEASING = YES;
				CLANG_WARN_BOOL_CONVERSION = YES;
				CLANG_WARN_COMMA = YES;
				CLANG_WARN_CONSTANT_CONVERSION = YES;
				CLANG_WARN_DEPRECATED_OBJC_IMPLEMENTATIONS = YES;
				CLANG_WARN_DIRECT_OBJC_ISA_USAGE = YES_ERROR;
				CLANG_WARN_DOCUMENTATION_COMMENTS = YES;
				CLANG_WARN_EMPTY_BODY = YES;
				CLANG_WARN_ENUM_CONVERSION = YES;
				CLANG_WARN_INFINITE_RECURSION = YES;
				CLANG_WARN_INT_CONVERSION = YES;
				CLANG_WARN_NON_LITERAL_NULL_CONVERSION = YES;
				CLANG_WARN_OBJC_IMPLICIT_RETAIN_SELF = YES;
				CLANG_WARN_OBJC_LITERAL_CONVERSION = YES;
				CLANG_WARN_OBJC_ROOT_CLASS = YES_ERROR;
				CLANG_WARN_QUOTED_INCLUDE_IN_FRAMEWORK_HEADER = YES;
				CLANG_WARN_RANGE_LOOP_ANALYSIS = YES;
				CLANG_WARN_STRICT_PROTOTYPES = YES;
				CLANG_WARN_SUSPICIOUS_MOVE = YES;
				CLANG_WARN_UNGUARDED_AVAILABILITY = YES_AGGRESSIVE;
				CLANG_WARN_UNREACHABLE_CODE = YES;
				CLANG_WARN__DUPLICATE_METHOD_MATCH = YES;
				COPY_PHASE_STRIP = NO;
				DEBUG_INFORMATION_FORMAT = "dwarf-with-dsym";
				ENABLE_NS_ASSERTIONS = NO;
				ENABLE_STRICT_OBJC_MSGSEND = YES;
				ENABLE_USER_SCRIPT_SANDBOXING = YES;
				GCC_C_LANGUAGE_STANDARD = gnu17;
				GCC_NO_COMMON_BLOCKS = YES;
				GCC_WARN_64_TO_32_BIT_CONVERSION = YES;
				GCC_WARN_ABOUT_RETURN_TYPE = YES_ERROR;
				GCC_WARN_UNDECLARED_SELECTOR = YES;
				GCC_WARN_UNINITIALIZED_AUTOS = YES_AGGRESSIVE;
				GCC_WARN_UNUSED_FUNCTION = YES;
				GCC_WARN_UNUSED_VARIABLE = YES;
				IPHONEOS_DEPLOYMENT_TARGET = 17.2;
				LOCALIZATION_PREFERS_STRING_CATALOGS = YES;
				MTL_ENABLE_DEBUG_INFO = NO;
				MTL_FAST_MATH = YES;
				SDKROOT = iphoneos;
				SWIFT_COMPILATION_MODE = wholemodule;
				VALIDATE_PRODUCT = YES;
			};
			name = Release;
		};
		7FBA7F502B3DBD4F006D4229 /* Debug */ = {
			isa = XCBuildConfiguration;
			buildSettings = {
				ASSETCATALOG_COMPILER_APPICON_NAME = AppIcon;
				ASSETCATALOG_COMPILER_GLOBAL_ACCENT_COLOR_NAME = AccentColor;
				CODE_SIGN_STYLE = Automatic;
				CURRENT_PROJECT_VERSION = 1;
				DEVELOPMENT_ASSET_PATHS = "\"apple-frameworks/Preview Content\"";
				DEVELOPMENT_TEAM = 5G8MY9PM9W;
				ENABLE_PREVIEWS = YES;
				GENERATE_INFOPLIST_FILE = YES;
				INFOPLIST_KEY_UIApplicationSceneManifest_Generation = YES;
				INFOPLIST_KEY_UIApplicationSupportsIndirectInputEvents = YES;
				INFOPLIST_KEY_UILaunchScreen_Generation = YES;
				INFOPLIST_KEY_UISupportedInterfaceOrientations_iPad = "UIInterfaceOrientationPortrait UIInterfaceOrientationPortraitUpsideDown UIInterfaceOrientationLandscapeLeft UIInterfaceOrientationLandscapeRight";
				INFOPLIST_KEY_UISupportedInterfaceOrientations_iPhone = "UIInterfaceOrientationPortrait UIInterfaceOrientationLandscapeLeft UIInterfaceOrientationLandscapeRight";
				LD_RUNPATH_SEARCH_PATHS = (
					"$(inherited)",
					"@executable_path/Frameworks",
				);
				MARKETING_VERSION = 1.0;
				PRODUCT_BUNDLE_IDENTIFIER = "martiniuc.apple-frameworks";
				PRODUCT_NAME = "$(TARGET_NAME)";
				SWIFT_EMIT_LOC_STRINGS = YES;
				SWIFT_VERSION = 5.0;
				TARGETED_DEVICE_FAMILY = "1,2";
			};
			name = Debug;
		};
		7FBA7F512B3DBD4F006D4229 /* Release */ = {
			isa = XCBuildConfiguration;
			buildSettings = {
				ASSETCATALOG_COMPILER_APPICON_NAME = AppIcon;
				ASSETCATALOG_COMPILER_GLOBAL_ACCENT_COLOR_NAME = AccentColor;
				CODE_SIGN_STYLE = Automatic;
				CURRENT_PROJECT_VERSION = 1;
				DEVELOPMENT_ASSET_PATHS = "\"apple-frameworks/Preview Content\"";
				DEVELOPMENT_TEAM = 5G8MY9PM9W;
				ENABLE_PREVIEWS = YES;
				GENERATE_INFOPLIST_FILE = YES;
				INFOPLIST_KEY_UIApplicationSceneManifest_Generation = YES;
				INFOPLIST_KEY_UIApplicationSupportsIndirectInputEvents = YES;
				INFOPLIST_KEY_UILaunchScreen_Generation = YES;
				INFOPLIST_KEY_UISupportedInterfaceOrientations_iPad = "UIInterfaceOrientationPortrait UIInterfaceOrientationPortraitUpsideDown UIInterfaceOrientationLandscapeLeft UIInterfaceOrientationLandscapeRight";
				INFOPLIST_KEY_UISupportedInterfaceOrientations_iPhone = "UIInterfaceOrientationPortrait UIInterfaceOrientationLandscapeLeft UIInterfaceOrientationLandscapeRight";
				LD_RUNPATH_SEARCH_PATHS = (
					"$(inherited)",
					"@executable_path/Frameworks",
				);
				MARKETING_VERSION = 1.0;
				PRODUCT_BUNDLE_IDENTIFIER = "martiniuc.apple-frameworks";
				PRODUCT_NAME = "$(TARGET_NAME)";
				SWIFT_EMIT_LOC_STRINGS = YES;
				SWIFT_VERSION = 5.0;
				TARGETED_DEVICE_FAMILY = "1,2";
			};
			name = Release;
		};
/* End XCBuildConfiguration section */

/* Begin XCConfigurationList section */
		7FBA7F3C2B3DBD4E006D4229 /* Build configuration list for PBXProject "apple-frameworks" */ = {
			isa = XCConfigurationList;
			buildConfigurations = (
				7FBA7F4D2B3DBD4F006D4229 /* Debug */,
				7FBA7F4E2B3DBD4F006D4229 /* Release */,
			);
			defaultConfigurationIsVisible = 0;
			defaultConfigurationName = Release;
		};
		7FBA7F4F2B3DBD4F006D4229 /* Build configuration list for PBXNativeTarget "apple-frameworks" */ = {
			isa = XCConfigurationList;
			buildConfigurations = (
				7FBA7F502B3DBD4F006D4229 /* Debug */,
				7FBA7F512B3DBD4F006D4229 /* Release */,
			);
			defaultConfigurationIsVisible = 0;
			defaultConfigurationName = Release;
		};
/* End XCConfigurationList section */
	};
	rootObject = 7FBA7F392B3DBD4E006D4229 /* Project object */;
}
